
Microsoft Visual Studio Solution File, Format Version 12.00
# Visual Studio Version 17
VisualStudioVersion = 17.5.33424.131
MinimumVisualStudioVersion = 10.0.40219.1
Project("{9A19103F-16F7-4668-BE54-9A1E7A4F7556}") = "ByteBank", "ByteBank\ByteBank.csproj", "{2B9DFA5A-6BD1-4DC8-AA77-364DDB92E190}"
EndProject
Project("{FAE04EC0-301F-11D3-BF4B-00C04F79EFBC}") = "ByteBank.Test", "ByteBank.Test\ByteBank.Test.csproj", "{0A712F63-5021-4B90-8452-9E7F036FC4D0}"
	ProjectSection(ProjectDependencies) = postProject
		{2B9DFA5A-6BD1-4DC8-AA77-364DDB92E190} = {2B9DFA5A-6BD1-4DC8-AA77-364DDB92E190}
	EndProjectSection
EndProject
Global
	GlobalSection(SolutionConfigurationPlatforms) = preSolution
		Debug|Any CPU = Debug|Any CPU
		Release|Any CPU = Release|Any CPU
	EndGlobalSection
	GlobalSection(ProjectConfigurationPlatforms) = postSolution
		{2B9DFA5A-6BD1-4DC8-AA77-364DDB92E190}.Debug|Any CPU.ActiveCfg = Debug|Any CPU
		{2B9DFA5A-6BD1-4DC8-AA77-364DDB92E190}.Debug|Any CPU.Build.0 = Debug|Any CPU
		{2B9DFA5A-6BD1-4DC8-AA77-364DDB92E190}.Release|Any CPU.ActiveCfg = Release|Any CPU
		{2B9DFA5A-6BD1-4DC8-AA77-364DDB92E190}.Release|Any CPU.Build.0 = Release|Any CPU
		{0A712F63-5021-4B90-8452-9E7F036FC4D0}.Debug|Any CPU.ActiveCfg = Debug|Any CPU
		{0A712F63-5021-4B90-8452-9E7F036FC4D0}.Debug|Any CPU.Build.0 = Debug|Any CPU
		{0A712F63-5021-4B90-8452-9E7F036FC4D0}.Release|Any CPU.ActiveCfg = Release|Any CPU
		{0A712F63-5021-4B90-8452-9E7F036FC4D0}.Release|Any CPU.Build.0 = Release|Any CPU
	EndGlobalSection
	GlobalSection(SolutionProperties) = preSolution
		HideSolutionNode = FALSE
	EndGlobalSection
	GlobalSection(ExtensibilityGlobals) = postSolution
		SolutionGuid = {BD2D89F9-B2CA-47F0-AC88-5E1DD9F9B8ED}
	EndGlobalSection
EndGlobal
